
Microsoft Visual Studio Solution File, Format Version 12.00
# Visual Studio Version 16
VisualStudioVersion = 16.0.30907.101
MinimumVisualStudioVersion = 10.0.40219.1
Project("{FAE04EC0-301F-11D3-BF4B-00C04F79EFBC}") = "Screenshots", "Screenshots\Screenshots.csproj", "{CBC191BB-B46E-4967-9018-5658DCBBCFD3}"
EndProject
Global
	GlobalSection(SolutionConfigurationPlatforms) = preSolution
		Debug|Any CPU = Debug|Any CPU
		Release|Any CPU = Release|Any CPU
	EndGlobalSection
	GlobalSection(ProjectConfigurationPlatforms) = postSolution
		{CBC191BB-B46E-4967-9018-5658DCBBCFD3}.Debug|Any CPU.ActiveCfg = Debug|Any CPU
		{CBC191BB-B46E-4967-9018-5658DCBBCFD3}.Debug|Any CPU.Build.0 = Debug|Any CPU
		{CBC191BB-B46E-4967-9018-5658DCBBCFD3}.Release|Any CPU.ActiveCfg = Release|Any CPU
		{CBC191BB-B46E-4967-9018-5658DCBBCFD3}.Release|Any CPU.Build.0 = Release|Any CPU
	EndGlobalSection
	GlobalSection(SolutionProperties) = preSolution
		HideSolutionNode = FALSE
	EndGlobalSection
	GlobalSection(ExtensibilityGlobals) = postSolution
		SolutionGuid = {57608717-100F-4611-B2AD-6C78A6B9A932}
	EndGlobalSection
EndGlobal
